{
  "originHash" : "a2bf845ccd295c2449957eb10e16b27dcb250ad1b8774316b9a7d0691b432876",
  "pins" : [
    {
      "identity" : "purchases-ios-spm",
      "kind" : "remoteSourceControl",
      "location" : "https://github.com/RevenueCat/purchases-ios-spm",
      "state" : {
        "revision" : "dabbf506344b6f924b44bdfabbaec96bc7943d5d",
        "version" : "5.3.3"
      }
    },
    {
      "identity" : "sdwebimage",
      "kind" : "remoteSourceControl",
      "location" : "https://github.com/SDWebImage/SDWebImage.git",
      "state" : {
        "revision" : "8a1be70a625683bc04d6903e2935bf23f3c6d609",
        "version" : "5.19.7"
      }
    },
    {
      "identity" : "sdwebimageswiftui",
      "kind" : "remoteSourceControl",
      "location" : "https://github.com/SDWebImage/SDWebImageSwiftUI",
      "state" : {
        "revision" : "5aa947356f4ea49a0c3b9968564267f6ea5abea7",
        "version" : "3.1.2"
      }
    }
  ],
  "version" : 3
}
